{
  "name": "ajs-test-project",
  "version": "1.0.0",
  "lockfileVersion": 3,
  "requires": true,
  "packages": {
    "": {
      "name": "ajs-test-project",
      "version": "1.0.0",
      "license": "ISC",
      "dependencies": {
        "@katesidyakina/ajs-homework": "^1.0.0"
      }
    },
    "node_modules/@katesidyakina/ajs-homework": {
      "version": "1.0.0",
      "resolved": "https://npm.pkg.github.com/download/@katesidyakina/ajs-homework/1.0.0/b3db750ad1b31331e7d458e02a1c12d204549de1",
      "integrity": "sha512-Cse+qYsb1I4n63rCf0Fi0FPmUt3rHEc3F0zchrlit367NJFVA71/JVfg2KkKeAzvtCbexQwikQxYpWOxoxOepw==",
      "license": "ISC"
    }
  }
}
